// !$*UTF8*$!
{
	archiveVersion = 1;
	classes = {
	};
	objectVersion = 55;
	objects = {

/* Begin PBXBuildFile section */
		29338A8828272919000ECED6 /* DataProvider.swift in Sources */ = {isa = PBXBuildFile; fileRef = 29338A8728272919000ECED6 /* DataProvider.swift */; };
		29361AD42828022A00C168F9 /* DataProviderTests.swift in Sources */ = {isa = PBXBuildFile; fileRef = 29361AD32828022A00C168F9 /* DataProviderTests.swift */; };
		29361AD628280A5E00C168F9 /* TaskCellTableViewCell.swift in Sources */ = {isa = PBXBuildFile; fileRef = 29361AD528280A5E00C168F9 /* TaskCellTableViewCell.swift */; };
		293F0DB3282ADE6F0039BD00 /* APIClientTests.swift in Sources */ = {isa = PBXBuildFile; fileRef = 293F0DB2282ADE6F0039BD00 /* APIClientTests.swift */; };
		293F0DB5282ADF9B0039BD00 /* APIClient.swift in Sources */ = {isa = PBXBuildFile; fileRef = 293F0DB4282ADF9B0039BD00 /* APIClient.swift */; };
		293F0DB8282AEC710039BD00 /* String+Extentions.swift in Sources */ = {isa = PBXBuildFile; fileRef = 293F0DB7282AEC710039BD00 /* String+Extentions.swift */; };
		29493742282427240002FD73 /* AppDelegate.swift in Sources */ = {isa = PBXBuildFile; fileRef = 29493741282427240002FD73 /* AppDelegate.swift */; };
		29493744282427240002FD73 /* SceneDelegate.swift in Sources */ = {isa = PBXBuildFile; fileRef = 29493743282427240002FD73 /* SceneDelegate.swift */; };
		29493746282427240002FD73 /* TaskListViewController.swift in Sources */ = {isa = PBXBuildFile; fileRef = 29493745282427240002FD73 /* TaskListViewController.swift */; };
		29493749282427240002FD73 /* Main.storyboard in Resources */ = {isa = PBXBuildFile; fileRef = 29493747282427240002FD73 /* Main.storyboard */; };
		2949374B282427290002FD73 /* Assets.xcassets in Resources */ = {isa = PBXBuildFile; fileRef = 2949374A282427290002FD73 /* Assets.xcassets */; };
		2949374E282427290002FD73 /* LaunchScreen.storyboard in Resources */ = {isa = PBXBuildFile; fileRef = 2949374C282427290002FD73 /* LaunchScreen.storyboard */; };
		29493759282427290002FD73 /* ToDoAppTests.swift in Sources */ = {isa = PBXBuildFile; fileRef = 29493758282427290002FD73 /* ToDoAppTests.swift */; };
		29493763282427290002FD73 /* ToDoAppUITests.swift in Sources */ = {isa = PBXBuildFile; fileRef = 29493762282427290002FD73 /* ToDoAppUITests.swift */; };
		29493765282427290002FD73 /* ToDoAppUITestsLaunchTests.swift in Sources */ = {isa = PBXBuildFile; fileRef = 29493764282427290002FD73 /* ToDoAppUITestsLaunchTests.swift */; };
		2949377728242A6C0002FD73 /* TaskTests.swift in Sources */ = {isa = PBXBuildFile; fileRef = 2949377628242A6C0002FD73 /* TaskTests.swift */; };
		2949377A28242AF10002FD73 /* Task.swift in Sources */ = {isa = PBXBuildFile; fileRef = 2949377928242AF10002FD73 /* Task.swift */; };
		294A14012829D1440075AD2A /* DetailViewControllerTests.swift in Sources */ = {isa = PBXBuildFile; fileRef = 294A14002829D1440075AD2A /* DetailViewControllerTests.swift */; };
		294A14032829D1D00075AD2A /* DetailViewController.swift in Sources */ = {isa = PBXBuildFile; fileRef = 294A14022829D1D00075AD2A /* DetailViewController.swift */; };
		294BAE08282A6556009FE0F9 /* NewTaskViewControllerTests.swift in Sources */ = {isa = PBXBuildFile; fileRef = 294BAE07282A6556009FE0F9 /* NewTaskViewControllerTests.swift */; };
		294BAE0A282A65B5009FE0F9 /* NewTaskViewController.swift in Sources */ = {isa = PBXBuildFile; fileRef = 294BAE09282A65B5009FE0F9 /* NewTaskViewController.swift */; };
		2975057D2825AE1D009D1FA6 /* TaskListViewControllerTests.swift in Sources */ = {isa = PBXBuildFile; fileRef = 2975057C2825AE1D009D1FA6 /* TaskListViewControllerTests.swift */; };
		297781292829445300D3ED44 /* TaskCellTests.swift in Sources */ = {isa = PBXBuildFile; fileRef = 297781282829445300D3ED44 /* TaskCellTests.swift */; };
		29799C062824536800608D16 /* TaskManagerTest.swift in Sources */ = {isa = PBXBuildFile; fileRef = 29799C052824536800608D16 /* TaskManagerTest.swift */; };
		29799C08282453EA00608D16 /* TaskManager.swift in Sources */ = {isa = PBXBuildFile; fileRef = 29799C07282453EA00608D16 /* TaskManager.swift */; };
		29AA1E7928244C8D0059CA49 /* Location.swift in Sources */ = {isa = PBXBuildFile; fileRef = 29AA1E7828244C8D0059CA49 /* Location.swift */; };
		29AA1E7B28244E1E0059CA49 /* LocationTest.swift in Sources */ = {isa = PBXBuildFile; fileRef = 29AA1E7A28244E1E0059CA49 /* LocationTest.swift */; };
/* End PBXBuildFile section */

/* Begin PBXContainerItemProxy section */
		29493755282427290002FD73 /* PBXContainerItemProxy */ = {
			isa = PBXContainerItemProxy;
			containerPortal = 29493736282427240002FD73 /* Project object */;
			proxyType = 1;
			remoteGlobalIDString = 2949373D282427240002FD73;
			remoteInfo = ToDoApp;
		};
		2949375F282427290002FD73 /* PBXContainerItemProxy */ = {
			isa = PBXContainerItemProxy;
			containerPortal = 29493736282427240002FD73 /* Project object */;
			proxyType = 1;
			remoteGlobalIDString = 2949373D282427240002FD73;
			remoteInfo = ToDoApp;
		};
/* End PBXContainerItemProxy section */

/* Begin PBXFileReference section */
		29338A8728272919000ECED6 /* DataProvider.swift */ = {isa = PBXFileReference; lastKnownFileType = sourcecode.swift; path = DataProvider.swift; sourceTree = "<group>"; };
		29361AD32828022A00C168F9 /* DataProviderTests.swift */ = {isa = PBXFileReference; lastKnownFileType = sourcecode.swift; path = DataProviderTests.swift; sourceTree = "<group>"; };
		29361AD528280A5E00C168F9 /* TaskCellTableViewCell.swift */ = {isa = PBXFileReference; lastKnownFileType = sourcecode.swift; path = TaskCellTableViewCell.swift; sourceTree = "<group>"; };
		293F0DB2282ADE6F0039BD00 /* APIClientTests.swift */ = {isa = PBXFileReference; lastKnownFileType = sourcecode.swift; path = APIClientTests.swift; sourceTree = "<group>"; };
		293F0DB4282ADF9B0039BD00 /* APIClient.swift */ = {isa = PBXFileReference; lastKnownFileType = sourcecode.swift; path = APIClient.swift; sourceTree = "<group>"; };
		293F0DB7282AEC710039BD00 /* String+Extentions.swift */ = {isa = PBXFileReference; lastKnownFileType = sourcecode.swift; path = "String+Extentions.swift"; sourceTree = "<group>"; };
		2949373E282427240002FD73 /* ToDoApp.app */ = {isa = PBXFileReference; explicitFileType = wrapper.application; includeInIndex = 0; path = ToDoApp.app; sourceTree = BUILT_PRODUCTS_DIR; };
		29493741282427240002FD73 /* AppDelegate.swift */ = {isa = PBXFileReference; lastKnownFileType = sourcecode.swift; path = AppDelegate.swift; sourceTree = "<group>"; };
		29493743282427240002FD73 /* SceneDelegate.swift */ = {isa = PBXFileReference; lastKnownFileType = sourcecode.swift; path = SceneDelegate.swift; sourceTree = "<group>"; };
		29493745282427240002FD73 /* TaskListViewController.swift */ = {isa = PBXFileReference; lastKnownFileType = sourcecode.swift; path = TaskListViewController.swift; sourceTree = "<group>"; };
		29493748282427240002FD73 /* Base */ = {isa = PBXFileReference; lastKnownFileType = file.storyboard; name = Base; path = Base.lproj/Main.storyboard; sourceTree = "<group>"; };
		2949374A282427290002FD73 /* Assets.xcassets */ = {isa = PBXFileReference; lastKnownFileType = folder.assetcatalog; path = Assets.xcassets; sourceTree = "<group>"; };
		2949374D282427290002FD73 /* Base */ = {isa = PBXFileReference; lastKnownFileType = file.storyboard; name = Base; path = Base.lproj/LaunchScreen.storyboard; sourceTree = "<group>"; };
		2949374F282427290002FD73 /* Info.plist */ = {isa = PBXFileReference; lastKnownFileType = text.plist.xml; path = Info.plist; sourceTree = "<group>"; };
		29493754282427290002FD73 /* ToDoAppTests.xctest */ = {isa = PBXFileReference; explicitFileType = wrapper.cfbundle; includeInIndex = 0; path = ToDoAppTests.xctest; sourceTree = BUILT_PRODUCTS_DIR; };
		29493758282427290002FD73 /* ToDoAppTests.swift */ = {isa = PBXFileReference; lastKnownFileType = sourcecode.swift; path = ToDoAppTests.swift; sourceTree = "<group>"; };
		2949375E282427290002FD73 /* ToDoAppUITests.xctest */ = {isa = PBXFileReference; explicitFileType = wrapper.cfbundle; includeInIndex = 0; path = ToDoAppUITests.xctest; sourceTree = BUILT_PRODUCTS_DIR; };
		29493762282427290002FD73 /* ToDoAppUITests.swift */ = {isa = PBXFileReference; lastKnownFileType = sourcecode.swift; path = ToDoAppUITests.swift; sourceTree = "<group>"; };
		29493764282427290002FD73 /* ToDoAppUITestsLaunchTests.swift */ = {isa = PBXFileReference; lastKnownFileType = sourcecode.swift; path = ToDoAppUITestsLaunchTests.swift; sourceTree = "<group>"; };
		2949377628242A6C0002FD73 /* TaskTests.swift */ = {isa = PBXFileReference; lastKnownFileType = sourcecode.swift; path = TaskTests.swift; sourceTree = "<group>"; };
		2949377928242AF10002FD73 /* Task.swift */ = {isa = PBXFileReference; lastKnownFileType = sourcecode.swift; path = Task.swift; sourceTree = "<group>"; };
		294A14002829D1440075AD2A /* DetailViewControllerTests.swift */ = {isa = PBXFileReference; lastKnownFileType = sourcecode.swift; path = DetailViewControllerTests.swift; sourceTree = "<group>"; };
		294A14022829D1D00075AD2A /* DetailViewController.swift */ = {isa = PBXFileReference; lastKnownFileType = sourcecode.swift; path = DetailViewController.swift; sourceTree = "<group>"; };
		294BAE07282A6556009FE0F9 /* NewTaskViewControllerTests.swift */ = {isa = PBXFileReference; lastKnownFileType = sourcecode.swift; path = NewTaskViewControllerTests.swift; sourceTree = "<group>"; };
		294BAE09282A65B5009FE0F9 /* NewTaskViewController.swift */ = {isa = PBXFileReference; lastKnownFileType = sourcecode.swift; path = NewTaskViewController.swift; sourceTree = "<group>"; };
		2975057C2825AE1D009D1FA6 /* TaskListViewControllerTests.swift */ = {isa = PBXFileReference; lastKnownFileType = sourcecode.swift; path = TaskListViewControllerTests.swift; sourceTree = "<group>"; };
		297781282829445300D3ED44 /* TaskCellTests.swift */ = {isa = PBXFileReference; lastKnownFileType = sourcecode.swift; path = TaskCellTests.swift; sourceTree = "<group>"; };
		29799C052824536800608D16 /* TaskManagerTest.swift */ = {isa = PBXFileReference; lastKnownFileType = sourcecode.swift; path = TaskManagerTest.swift; sourceTree = "<group>"; };
		29799C07282453EA00608D16 /* TaskManager.swift */ = {isa = PBXFileReference; lastKnownFileType = sourcecode.swift; path = TaskManager.swift; sourceTree = "<group>"; };
		29AA1E7828244C8D0059CA49 /* Location.swift */ = {isa = PBXFileReference; lastKnownFileType = sourcecode.swift; path = Location.swift; sourceTree = "<group>"; };
		29AA1E7A28244E1E0059CA49 /* LocationTest.swift */ = {isa = PBXFileReference; lastKnownFileType = sourcecode.swift; path = LocationTest.swift; sourceTree = "<group>"; };
/* End PBXFileReference section */

/* Begin PBXFrameworksBuildPhase section */
		2949373B282427240002FD73 /* Frameworks */ = {
			isa = PBXFrameworksBuildPhase;
			buildActionMask = 2147483647;
			files = (
			);
			runOnlyForDeploymentPostprocessing = 0;
		};
		29493751282427290002FD73 /* Frameworks */ = {
			isa = PBXFrameworksBuildPhase;
			buildActionMask = 2147483647;
			files = (
			);
			runOnlyForDeploymentPostprocessing = 0;
		};
		2949375B282427290002FD73 /* Frameworks */ = {
			isa = PBXFrameworksBuildPhase;
			buildActionMask = 2147483647;
			files = (
			);
			runOnlyForDeploymentPostprocessing = 0;
		};
/* End PBXFrameworksBuildPhase section */

/* Begin PBXGroup section */
		293E6E4B2829234400984E83 /* View */ = {
			isa = PBXGroup;
			children = (
				297781282829445300D3ED44 /* TaskCellTests.swift */,
			);
			path = View;
			sourceTree = "<group>";
		};
		293F0DB6282AEC5C0039BD00 /* Extentions */ = {
			isa = PBXGroup;
			children = (
				293F0DB7282AEC710039BD00 /* String+Extentions.swift */,
			);
			path = Extentions;
			sourceTree = "<group>";
		};
		29493735282427240002FD73 = {
			isa = PBXGroup;
			children = (
				29493740282427240002FD73 /* ToDoApp */,
				29493757282427290002FD73 /* ToDoAppTests */,
				29493761282427290002FD73 /* ToDoAppUITests */,
				2949373F282427240002FD73 /* Products */,
			);
			sourceTree = "<group>";
		};
		2949373F282427240002FD73 /* Products */ = {
			isa = PBXGroup;
			children = (
				2949373E282427240002FD73 /* ToDoApp.app */,
				29493754282427290002FD73 /* ToDoAppTests.xctest */,
				2949375E282427290002FD73 /* ToDoAppUITests.xctest */,
			);
			name = Products;
			sourceTree = "<group>";
		};
		29493740282427240002FD73 /* ToDoApp */ = {
			isa = PBXGroup;
			children = (
				293F0DB6282AEC5C0039BD00 /* Extentions */,
				29799C09282453F900608D16 /* Manager */,
				29493773282427500002FD73 /* Controller */,
				294937722824273F0002FD73 /* VIew */,
				29493771282427380002FD73 /* Model */,
				294937742824278E0002FD73 /* Supporting files */,
			);
			path = ToDoApp;
			sourceTree = "<group>";
		};
		29493757282427290002FD73 /* ToDoAppTests */ = {
			isa = PBXGroup;
			children = (
				293E6E4B2829234400984E83 /* View */,
				2975057B2825AE03009D1FA6 /* Controller */,
				29799C042824534B00608D16 /* Manager */,
				295C8CF9282C5F0A00B449DA /* Supporting files */,
				2949377828242A780002FD73 /* Model */,
			);
			path = ToDoAppTests;
			sourceTree = "<group>";
		};
		29493761282427290002FD73 /* ToDoAppUITests */ = {
			isa = PBXGroup;
			children = (
				29493762282427290002FD73 /* ToDoAppUITests.swift */,
				29493764282427290002FD73 /* ToDoAppUITestsLaunchTests.swift */,
			);
			path = ToDoAppUITests;
			sourceTree = "<group>";
		};
		29493771282427380002FD73 /* Model */ = {
			isa = PBXGroup;
			children = (
				2949377928242AF10002FD73 /* Task.swift */,
				29AA1E7828244C8D0059CA49 /* Location.swift */,
			);
			path = Model;
			sourceTree = "<group>";
		};
		294937722824273F0002FD73 /* VIew */ = {
			isa = PBXGroup;
			children = (
				29361AD528280A5E00C168F9 /* TaskCellTableViewCell.swift */,
			);
			path = VIew;
			sourceTree = "<group>";
		};
		29493773282427500002FD73 /* Controller */ = {
			isa = PBXGroup;
			children = (
				29493745282427240002FD73 /* TaskListViewController.swift */,
				29338A8728272919000ECED6 /* DataProvider.swift */,
				294A14022829D1D00075AD2A /* DetailViewController.swift */,
				294BAE09282A65B5009FE0F9 /* NewTaskViewController.swift */,
			);
			path = Controller;
			sourceTree = "<group>";
		};
		294937742824278E0002FD73 /* Supporting files */ = {
			isa = PBXGroup;
			children = (
				2949374F282427290002FD73 /* Info.plist */,
				29493741282427240002FD73 /* AppDelegate.swift */,
				29493743282427240002FD73 /* SceneDelegate.swift */,
				29493747282427240002FD73 /* Main.storyboard */,
				2949374A282427290002FD73 /* Assets.xcassets */,
				2949374C282427290002FD73 /* LaunchScreen.storyboard */,
			);
			path = "Supporting files";
			sourceTree = "<group>";
		};
		2949377828242A780002FD73 /* Model */ = {
			isa = PBXGroup;
			children = (
				2949377628242A6C0002FD73 /* TaskTests.swift */,
				29AA1E7A28244E1E0059CA49 /* LocationTest.swift */,
			);
			path = Model;
			sourceTree = "<group>";
		};
		295C8CF9282C5F0A00B449DA /* Supporting files */ = {
			isa = PBXGroup;
			children = (
				29493758282427290002FD73 /* ToDoAppTests.swift */,
			);
			path = "Supporting files";
			sourceTree = "<group>";
		};
		2975057B2825AE03009D1FA6 /* Controller */ = {
			isa = PBXGroup;
			children = (
				2975057C2825AE1D009D1FA6 /* TaskListViewControllerTests.swift */,
				29361AD32828022A00C168F9 /* DataProviderTests.swift */,
				294A14002829D1440075AD2A /* DetailViewControllerTests.swift */,
				294BAE07282A6556009FE0F9 /* NewTaskViewControllerTests.swift */,
			);
			path = Controller;
			sourceTree = "<group>";
		};
		29799C042824534B00608D16 /* Manager */ = {
			isa = PBXGroup;
			children = (
				29799C052824536800608D16 /* TaskManagerTest.swift */,
				293F0DB2282ADE6F0039BD00 /* APIClientTests.swift */,
			);
			path = Manager;
			sourceTree = "<group>";
		};
		29799C09282453F900608D16 /* Manager */ = {
			isa = PBXGroup;
			children = (
				29799C07282453EA00608D16 /* TaskManager.swift */,
				293F0DB4282ADF9B0039BD00 /* APIClient.swift */,
			);
			path = Manager;
			sourceTree = "<group>";
		};
/* End PBXGroup section */

/* Begin PBXNativeTarget section */
		2949373D282427240002FD73 /* ToDoApp */ = {
			isa = PBXNativeTarget;
			buildConfigurationList = 29493768282427290002FD73 /* Build configuration list for PBXNativeTarget "ToDoApp" */;
			buildPhases = (
				2949373A282427240002FD73 /* Sources */,
				2949373B282427240002FD73 /* Frameworks */,
				2949373C282427240002FD73 /* Resources */,
			);
			buildRules = (
			);
			dependencies = (
			);
			name = ToDoApp;
			productName = ToDoApp;
			productReference = 2949373E282427240002FD73 /* ToDoApp.app */;
			productType = "com.apple.product-type.application";
		};
		29493753282427290002FD73 /* ToDoAppTests */ = {
			isa = PBXNativeTarget;
			buildConfigurationList = 2949376B282427290002FD73 /* Build configuration list for PBXNativeTarget "ToDoAppTests" */;
			buildPhases = (
				29493750282427290002FD73 /* Sources */,
				29493751282427290002FD73 /* Frameworks */,
				29493752282427290002FD73 /* Resources */,
			);
			buildRules = (
			);
			dependencies = (
				29493756282427290002FD73 /* PBXTargetDependency */,
			);
			name = ToDoAppTests;
			productName = ToDoAppTests;
			productReference = 29493754282427290002FD73 /* ToDoAppTests.xctest */;
			productType = "com.apple.product-type.bundle.unit-test";
		};
		2949375D282427290002FD73 /* ToDoAppUITests */ = {
			isa = PBXNativeTarget;
			buildConfigurationList = 2949376E282427290002FD73 /* Build configuration list for PBXNativeTarget "ToDoAppUITests" */;
			buildPhases = (
				2949375A282427290002FD73 /* Sources */,
				2949375B282427290002FD73 /* Frameworks */,
				2949375C282427290002FD73 /* Resources */,
			);
			buildRules = (
			);
			dependencies = (
				29493760282427290002FD73 /* PBXTargetDependency */,
			);
			name = ToDoAppUITests;
			productName = ToDoAppUITests;
			productReference = 2949375E282427290002FD73 /* ToDoAppUITests.xctest */;
			productType = "com.apple.product-type.bundle.ui-testing";
		};
/* End PBXNativeTarget section */

/* Begin PBXProject section */
		29493736282427240002FD73 /* Project object */ = {
			isa = PBXProject;
			attributes = {
				BuildIndependentTargetsInParallel = 1;
				LastSwiftUpdateCheck = 1330;
				LastUpgradeCheck = 1330;
				TargetAttributes = {
					2949373D282427240002FD73 = {
						CreatedOnToolsVersion = 13.3;
					};
					29493753282427290002FD73 = {
						CreatedOnToolsVersion = 13.3;
						TestTargetID = 2949373D282427240002FD73;
					};
					2949375D282427290002FD73 = {
						CreatedOnToolsVersion = 13.3;
						TestTargetID = 2949373D282427240002FD73;
					};
				};
			};
			buildConfigurationList = 29493739282427240002FD73 /* Build configuration list for PBXProject "ToDoApp" */;
			compatibilityVersion = "Xcode 13.0";
			developmentRegion = en;
			hasScannedForEncodings = 0;
			knownRegions = (
				en,
				Base,
			);
			mainGroup = 29493735282427240002FD73;
			productRefGroup = 2949373F282427240002FD73 /* Products */;
			projectDirPath = "";
			projectRoot = "";
			targets = (
				2949373D282427240002FD73 /* ToDoApp */,
				29493753282427290002FD73 /* ToDoAppTests */,
				2949375D282427290002FD73 /* ToDoAppUITests */,
			);
		};
/* End PBXProject section */

/* Begin PBXResourcesBuildPhase section */
		2949373C282427240002FD73 /* Resources */ = {
			isa = PBXResourcesBuildPhase;
			buildActionMask = 2147483647;
			files = (
				2949374E282427290002FD73 /* LaunchScreen.storyboard in Resources */,
				2949374B282427290002FD73 /* Assets.xcassets in Resources */,
				29493749282427240002FD73 /* Main.storyboard in Resources */,
			);
			runOnlyForDeploymentPostprocessing = 0;
		};
		29493752282427290002FD73 /* Resources */ = {
			isa = PBXResourcesBuildPhase;
			buildActionMask = 2147483647;
			files = (
			);
			runOnlyForDeploymentPostprocessing = 0;
		};
		2949375C282427290002FD73 /* Resources */ = {
			isa = PBXResourcesBuildPhase;
			buildActionMask = 2147483647;
			files = (
			);
			runOnlyForDeploymentPostprocessing = 0;
		};
/* End PBXResourcesBuildPhase section */

/* Begin PBXSourcesBuildPhase section */
		2949373A282427240002FD73 /* Sources */ = {
			isa = PBXSourcesBuildPhase;
			buildActionMask = 2147483647;
			files = (
				294A14032829D1D00075AD2A /* DetailViewController.swift in Sources */,
				293F0DB8282AEC710039BD00 /* String+Extentions.swift in Sources */,
				29799C08282453EA00608D16 /* TaskManager.swift in Sources */,
				2949377A28242AF10002FD73 /* Task.swift in Sources */,
				29493746282427240002FD73 /* TaskListViewController.swift in Sources */,
				29338A8828272919000ECED6 /* DataProvider.swift in Sources */,
				293F0DB5282ADF9B0039BD00 /* APIClient.swift in Sources */,
				29361AD628280A5E00C168F9 /* TaskCellTableViewCell.swift in Sources */,
				294BAE0A282A65B5009FE0F9 /* NewTaskViewController.swift in Sources */,
				29AA1E7928244C8D0059CA49 /* Location.swift in Sources */,
				29493742282427240002FD73 /* AppDelegate.swift in Sources */,
				29493744282427240002FD73 /* SceneDelegate.swift in Sources */,
			);
			runOnlyForDeploymentPostprocessing = 0;
		};
		29493750282427290002FD73 /* Sources */ = {
			isa = PBXSourcesBuildPhase;
			buildActionMask = 2147483647;
			files = (
				2949377728242A6C0002FD73 /* TaskTests.swift in Sources */,
				29493759282427290002FD73 /* ToDoAppTests.swift in Sources */,
				297781292829445300D3ED44 /* TaskCellTests.swift in Sources */,
				293F0DB3282ADE6F0039BD00 /* APIClientTests.swift in Sources */,
				294BAE08282A6556009FE0F9 /* NewTaskViewControllerTests.swift in Sources */,
				29361AD42828022A00C168F9 /* DataProviderTests.swift in Sources */,
				29799C062824536800608D16 /* TaskManagerTest.swift in Sources */,
				2975057D2825AE1D009D1FA6 /* TaskListViewControllerTests.swift in Sources */,
				29AA1E7B28244E1E0059CA49 /* LocationTest.swift in Sources */,
				294A14012829D1440075AD2A /* DetailViewControllerTests.swift in Sources */,
			);
			runOnlyForDeploymentPostprocessing = 0;
		};
		2949375A282427290002FD73 /* Sources */ = {
			isa = PBXSourcesBuildPhase;
			buildActionMask = 2147483647;
			files = (
				29493765282427290002FD73 /* ToDoAppUITestsLaunchTests.swift in Sources */,
				29493763282427290002FD73 /* ToDoAppUITests.swift in Sources */,
			);
			runOnlyForDeploymentPostprocessing = 0;
		};
/* End PBXSourcesBuildPhase section */

/* Begin PBXTargetDependency section */
		29493756282427290002FD73 /* PBXTargetDependency */ = {
			isa = PBXTargetDependency;
			target = 2949373D282427240002FD73 /* ToDoApp */;
			targetProxy = 29493755282427290002FD73 /* PBXContainerItemProxy */;
		};
		29493760282427290002FD73 /* PBXTargetDependency */ = {
			isa = PBXTargetDependency;
			target = 2949373D282427240002FD73 /* ToDoApp */;
			targetProxy = 2949375F282427290002FD73 /* PBXContainerItemProxy */;
		};
/* End PBXTargetDependency section */

/* Begin PBXVariantGroup section */
		29493747282427240002FD73 /* Main.storyboard */ = {
			isa = PBXVariantGroup;
			children = (
				29493748282427240002FD73 /* Base */,
			);
			name = Main.storyboard;
			sourceTree = "<group>";
		};
		2949374C282427290002FD73 /* LaunchScreen.storyboard */ = {
			isa = PBXVariantGroup;
			children = (
				2949374D282427290002FD73 /* Base */,
			);
			name = LaunchScreen.storyboard;
			sourceTree = "<group>";
		};
/* End PBXVariantGroup section */

/* Begin XCBuildConfiguration section */
		29493766282427290002FD73 /* Debug */ = {
			isa = XCBuildConfiguration;
			buildSettings = {
				ALWAYS_SEARCH_USER_PATHS = NO;
				CLANG_ANALYZER_NONNULL = YES;
				CLANG_ANALYZER_NUMBER_OBJECT_CONVERSION = YES_AGGRESSIVE;
				CLANG_CXX_LANGUAGE_STANDARD = "gnu++17";
				CLANG_ENABLE_MODULES = YES;
				CLANG_ENABLE_OBJC_ARC = YES;
				CLANG_ENABLE_OBJC_WEAK = YES;
				CLANG_WARN_BLOCK_CAPTURE_AUTORELEASING = YES;
				CLANG_WARN_BOOL_CONVERSION = YES;
				CLANG_WARN_COMMA = YES;
				CLANG_WARN_CONSTANT_CONVERSION = YES;
				CLANG_WARN_DEPRECATED_OBJC_IMPLEMENTATIONS = YES;
				CLANG_WARN_DIRECT_OBJC_ISA_USAGE = YES_ERROR;
				CLANG_WARN_DOCUMENTATION_COMMENTS = YES;
				CLANG_WARN_EMPTY_BODY = YES;
				CLANG_WARN_ENUM_CONVERSION = YES;
				CLANG_WARN_INFINITE_RECURSION = YES;
				CLANG_WARN_INT_CONVERSION = YES;
				CLANG_WARN_NON_LITERAL_NULL_CONVERSION = YES;
				CLANG_WARN_OBJC_IMPLICIT_RETAIN_SELF = YES;
				CLANG_WARN_OBJC_LITERAL_CONVERSION = YES;
				CLANG_WARN_OBJC_ROOT_CLASS = YES_ERROR;
				CLANG_WARN_QUOTED_INCLUDE_IN_FRAMEWORK_HEADER = YES;
				CLANG_WARN_RANGE_LOOP_ANALYSIS = YES;
				CLANG_WARN_STRICT_PROTOTYPES = YES;
				CLANG_WARN_SUSPICIOUS_MOVE = YES;
				CLANG_WARN_UNGUARDED_AVAILABILITY = YES_AGGRESSIVE;
				CLANG_WARN_UNREACHABLE_CODE = YES;
				CLANG_WARN__DUPLICATE_METHOD_MATCH = YES;
				COPY_PHASE_STRIP = NO;
				DEBUG_INFORMATION_FORMAT = dwarf;
				ENABLE_STRICT_OBJC_MSGSEND = YES;
				ENABLE_TESTABILITY = YES;
				GCC_C_LANGUAGE_STANDARD = gnu11;
				GCC_DYNAMIC_NO_PIC = NO;
				GCC_NO_COMMON_BLOCKS = YES;
				GCC_OPTIMIZATION_LEVEL = 0;
				GCC_PREPROCESSOR_DEFINITIONS = (
					"DEBUG=1",
					"$(inherited)",
				);
				GCC_WARN_64_TO_32_BIT_CONVERSION = YES;
				GCC_WARN_ABOUT_RETURN_TYPE = YES_ERROR;
				GCC_WARN_UNDECLARED_SELECTOR = YES;
				GCC_WARN_UNINITIALIZED_AUTOS = YES_AGGRESSIVE;
				GCC_WARN_UNUSED_FUNCTION = YES;
				GCC_WARN_UNUSED_VARIABLE = YES;
				IPHONEOS_DEPLOYMENT_TARGET = 15.4;
				MTL_ENABLE_DEBUG_INFO = INCLUDE_SOURCE;
				MTL_FAST_MATH = YES;
				ONLY_ACTIVE_ARCH = YES;
				SDKROOT = iphoneos;
				SWIFT_ACTIVE_COMPILATION_CONDITIONS = DEBUG;
				SWIFT_OPTIMIZATION_LEVEL = "-Onone";
			};
			name = Debug;
		};
		29493767282427290002FD73 /* Release */ = {
			isa = XCBuildConfiguration;
			buildSettings = {
				ALWAYS_SEARCH_USER_PATHS = NO;
				CLANG_ANALYZER_NONNULL = YES;
				CLANG_ANALYZER_NUMBER_OBJECT_CONVERSION = YES_AGGRESSIVE;
				CLANG_CXX_LANGUAGE_STANDARD = "gnu++17";
				CLANG_ENABLE_MODULES = YES;
				CLANG_ENABLE_OBJC_ARC = YES;
				CLANG_ENABLE_OBJC_WEAK = YES;
				CLANG_WARN_BLOCK_CAPTURE_AUTORELEASING = YES;
				CLANG_WARN_BOOL_CONVERSION = YES;
				CLANG_WARN_COMMA = YES;
				CLANG_WARN_CONSTANT_CONVERSION = YES;
				CLANG_WARN_DEPRECATED_OBJC_IMPLEMENTATIONS = YES;
				CLANG_WARN_DIRECT_OBJC_ISA_USAGE = YES_ERROR;
				CLANG_WARN_DOCUMENTATION_COMMENTS = YES;
				CLANG_WARN_EMPTY_BODY = YES;
				CLANG_WARN_ENUM_CONVERSION = YES;
				CLANG_WARN_INFINITE_RECURSION = YES;
				CLANG_WARN_INT_CONVERSION = YES;
				CLANG_WARN_NON_LITERAL_NULL_CONVERSION = YES;
				CLANG_WARN_OBJC_IMPLICIT_RETAIN_SELF = YES;
				CLANG_WARN_OBJC_LITERAL_CONVERSION = YES;
				CLANG_WARN_OBJC_ROOT_CLASS = YES_ERROR;
				CLANG_WARN_QUOTED_INCLUDE_IN_FRAMEWORK_HEADER = YES;
				CLANG_WARN_RANGE_LOOP_ANALYSIS = YES;
				CLANG_WARN_STRICT_PROTOTYPES = YES;
				CLANG_WARN_SUSPICIOUS_MOVE = YES;
				CLANG_WARN_UNGUARDED_AVAILABILITY = YES_AGGRESSIVE;
				CLANG_WARN_UNREACHABLE_CODE = YES;
				CLANG_WARN__DUPLICATE_METHOD_MATCH = YES;
				COPY_PHASE_STRIP = NO;
				DEBUG_INFORMATION_FORMAT = "dwarf-with-dsym";
				ENABLE_NS_ASSERTIONS = NO;
				ENABLE_STRICT_OBJC_MSGSEND = YES;
				GCC_C_LANGUAGE_STANDARD = gnu11;
				GCC_NO_COMMON_BLOCKS = YES;
				GCC_WARN_64_TO_32_BIT_CONVERSION = YES;
				GCC_WARN_ABOUT_RETURN_TYPE = YES_ERROR;
				GCC_WARN_UNDECLARED_SELECTOR = YES;
				GCC_WARN_UNINITIALIZED_AUTOS = YES_AGGRESSIVE;
				GCC_WARN_UNUSED_FUNCTION = YES;
				GCC_WARN_UNUSED_VARIABLE = YES;
				IPHONEOS_DEPLOYMENT_TARGET = 15.4;
				MTL_ENABLE_DEBUG_INFO = NO;
				MTL_FAST_MATH = YES;
				SDKROOT = iphoneos;
				SWIFT_COMPILATION_MODE = wholemodule;
				SWIFT_OPTIMIZATION_LEVEL = "-O";
				VALIDATE_PRODUCT = YES;
			};
			name = Release;
		};
		29493769282427290002FD73 /* Debug */ = {
			isa = XCBuildConfiguration;
			buildSettings = {
				ASSETCATALOG_COMPILER_APPICON_NAME = AppIcon;
				ASSETCATALOG_COMPILER_GLOBAL_ACCENT_COLOR_NAME = AccentColor;
				CODE_SIGN_STYLE = Automatic;
				CURRENT_PROJECT_VERSION = 1;
				DEVELOPMENT_TEAM = NW3TBUJXAX;
				GENERATE_INFOPLIST_FILE = YES;
				INFOPLIST_FILE = "ToDoApp/Supporting files/Info.plist";
				INFOPLIST_KEY_UIApplicationSupportsIndirectInputEvents = YES;
				INFOPLIST_KEY_UILaunchStoryboardName = LaunchScreen;
				INFOPLIST_KEY_UIMainStoryboardFile = Main;
				INFOPLIST_KEY_UISupportedInterfaceOrientations_iPad = "UIInterfaceOrientationPortrait UIInterfaceOrientationPortraitUpsideDown UIInterfaceOrientationLandscapeLeft UIInterfaceOrientationLandscapeRight";
				INFOPLIST_KEY_UISupportedInterfaceOrientations_iPhone = "UIInterfaceOrientationPortrait UIInterfaceOrientationLandscapeLeft UIInterfaceOrientationLandscapeRight";
				LD_RUNPATH_SEARCH_PATHS = (
					"$(inherited)",
					"@executable_path/Frameworks",
				);
				MARKETING_VERSION = 1.0;
				PRODUCT_BUNDLE_IDENTIFIER = valeriy.ToDoApp;
				PRODUCT_NAME = "$(TARGET_NAME)";
				SWIFT_EMIT_LOC_STRINGS = YES;
				SWIFT_VERSION = 5.0;
				TARGETED_DEVICE_FAMILY = "1,2";
			};
			name = Debug;
		};
		2949376A282427290002FD73 /* Release */ = {
			isa = XCBuildConfiguration;
			buildSettings = {
				ASSETCATALOG_COMPILER_APPICON_NAME = AppIcon;
				ASSETCATALOG_COMPILER_GLOBAL_ACCENT_COLOR_NAME = AccentColor;
				CODE_SIGN_STYLE = Automatic;
				CURRENT_PROJECT_VERSION = 1;
				DEVELOPMENT_TEAM = NW3TBUJXAX;
				GENERATE_INFOPLIST_FILE = YES;
				INFOPLIST_FILE = "ToDoApp/Supporting files/Info.plist";
				INFOPLIST_KEY_UIApplicationSupportsIndirectInputEvents = YES;
				INFOPLIST_KEY_UILaunchStoryboardName = LaunchScreen;
				INFOPLIST_KEY_UIMainStoryboardFile = Main;
				INFOPLIST_KEY_UISupportedInterfaceOrientations_iPad = "UIInterfaceOrientationPortrait UIInterfaceOrientationPortraitUpsideDown UIInterfaceOrientationLandscapeLeft UIInterfaceOrientationLandscapeRight";
				INFOPLIST_KEY_UISupportedInterfaceOrientations_iPhone = "UIInterfaceOrientationPortrait UIInterfaceOrientationLandscapeLeft UIInterfaceOrientationLandscapeRight";
				LD_RUNPATH_SEARCH_PATHS = (
					"$(inherited)",
					"@executable_path/Frameworks",
				);
				MARKETING_VERSION = 1.0;
				PRODUCT_BUNDLE_IDENTIFIER = valeriy.ToDoApp;
				PRODUCT_NAME = "$(TARGET_NAME)";
				SWIFT_EMIT_LOC_STRINGS = YES;
				SWIFT_VERSION = 5.0;
				TARGETED_DEVICE_FAMILY = "1,2";
			};
			name = Release;
		};
		2949376C282427290002FD73 /* Debug */ = {
			isa = XCBuildConfiguration;
			buildSettings = {
				ALWAYS_EMBED_SWIFT_STANDARD_LIBRARIES = YES;
				BUNDLE_LOADER = "$(TEST_HOST)";
				CODE_SIGN_STYLE = Automatic;
				CURRENT_PROJECT_VERSION = 1;
				DEVELOPMENT_TEAM = NW3TBUJXAX;
				GENERATE_INFOPLIST_FILE = YES;
				IPHONEOS_DEPLOYMENT_TARGET = 15.4;
				MARKETING_VERSION = 1.0;
				PRODUCT_BUNDLE_IDENTIFIER = valeriy.ToDoAppTests;
				PRODUCT_NAME = "$(TARGET_NAME)";
				SWIFT_EMIT_LOC_STRINGS = NO;
				SWIFT_VERSION = 5.0;
				TARGETED_DEVICE_FAMILY = "1,2";
				TEST_HOST = "$(BUILT_PRODUCTS_DIR)/ToDoApp.app/ToDoApp";
			};
			name = Debug;
		};
		2949376D282427290002FD73 /* Release */ = {
			isa = XCBuildConfiguration;
			buildSettings = {
				ALWAYS_EMBED_SWIFT_STANDARD_LIBRARIES = YES;
				BUNDLE_LOADER = "$(TEST_HOST)";
				CODE_SIGN_STYLE = Automatic;
				CURRENT_PROJECT_VERSION = 1;
				DEVELOPMENT_TEAM = NW3TBUJXAX;
				GENERATE_INFOPLIST_FILE = YES;
				IPHONEOS_DEPLOYMENT_TARGET = 15.4;
				MARKETING_VERSION = 1.0;
				PRODUCT_BUNDLE_IDENTIFIER = valeriy.ToDoAppTests;
				PRODUCT_NAME = "$(TARGET_NAME)";
				SWIFT_EMIT_LOC_STRINGS = NO;
				SWIFT_VERSION = 5.0;
				TARGETED_DEVICE_FAMILY = "1,2";
				TEST_HOST = "$(BUILT_PRODUCTS_DIR)/ToDoApp.app/ToDoApp";
			};
			name = Release;
		};
		2949376F282427290002FD73 /* Debug */ = {
			isa = XCBuildConfiguration;
			buildSettings = {
				ALWAYS_EMBED_SWIFT_STANDARD_LIBRARIES = YES;
				CODE_SIGN_STYLE = Automatic;
				CURRENT_PROJECT_VERSION = 1;
				DEVELOPMENT_TEAM = NW3TBUJXAX;
				GENERATE_INFOPLIST_FILE = YES;
				MARKETING_VERSION = 1.0;
				PRODUCT_BUNDLE_IDENTIFIER = valeriy.ToDoAppUITests;
				PRODUCT_NAME = "$(TARGET_NAME)";
				SWIFT_EMIT_LOC_STRINGS = NO;
				SWIFT_VERSION = 5.0;
				TARGETED_DEVICE_FAMILY = "1,2";
				TEST_TARGET_NAME = ToDoApp;
			};
			name = Debug;
		};
		29493770282427290002FD73 /* Release */ = {
			isa = XCBuildConfiguration;
			buildSettings = {
				ALWAYS_EMBED_SWIFT_STANDARD_LIBRARIES = YES;
				CODE_SIGN_STYLE = Automatic;
				CURRENT_PROJECT_VERSION = 1;
				DEVELOPMENT_TEAM = NW3TBUJXAX;
				GENERATE_INFOPLIST_FILE = YES;
				MARKETING_VERSION = 1.0;
				PRODUCT_BUNDLE_IDENTIFIER = valeriy.ToDoAppUITests;
				PRODUCT_NAME = "$(TARGET_NAME)";
				SWIFT_EMIT_LOC_STRINGS = NO;
				SWIFT_VERSION = 5.0;
				TARGETED_DEVICE_FAMILY = "1,2";
				TEST_TARGET_NAME = ToDoApp;
			};
			name = Release;
		};
/* End XCBuildConfiguration section */

/* Begin XCConfigurationList section */
		29493739282427240002FD73 /* Build configuration list for PBXProject "ToDoApp" */ = {
			isa = XCConfigurationList;
			buildConfigurations = (
				29493766282427290002FD73 /* Debug */,
				29493767282427290002FD73 /* Release */,
			);
			defaultConfigurationIsVisible = 0;
			defaultConfigurationName = Release;
		};
		29493768282427290002FD73 /* Build configuration list for PBXNativeTarget "ToDoApp" */ = {
			isa = XCConfigurationList;
			buildConfigurations = (
				29493769282427290002FD73 /* Debug */,
				2949376A282427290002FD73 /* Release */,
			);
			defaultConfigurationIsVisible = 0;
			defaultConfigurationName = Release;
		};
		2949376B282427290002FD73 /* Build configuration list for PBXNativeTarget "ToDoAppTests" */ = {
			isa = XCConfigurationList;
			buildConfigurations = (
				2949376C282427290002FD73 /* Debug */,
				2949376D282427290002FD73 /* Release */,
			);
			defaultConfigurationIsVisible = 0;
			defaultConfigurationName = Release;
		};
		2949376E282427290002FD73 /* Build configuration list for PBXNativeTarget "ToDoAppUITests" */ = {
			isa = XCConfigurationList;
			buildConfigurations = (
				2949376F282427290002FD73 /* Debug */,
				29493770282427290002FD73 /* Release */,
			);
			defaultConfigurationIsVisible = 0;
			defaultConfigurationName = Release;
		};
/* End XCConfigurationList section */
	};
	rootObject = 29493736282427240002FD73 /* Project object */;
}
